<Solution>
  <Folder Name="/src/">
    <Project Path="src/rnotify.Core/rnotify.Core.csproj" />
    <Project Path="src/rnotify/rnotify.csproj" />
  </Folder>
  <Folder Name="/tests/">
    <Project Path="tests/rnotify.ArchTests/rnotify.ArchTests.csproj" />
    <Project Path="tests/rnotify.Core.Tests/rnotify.Core.Tests.csproj" />
  </Folder>
</Solution>
